// !$*UTF8*$!
{
	archiveVersion = 1;
	classes = {
	};
	objectVersion = 46;
	objects = {

/* Begin PBXBuildFile section */
		6235242E1F984B8B006918AC /* main.m in Sources */ = {isa = PBXBuildFile; fileRef = 6235242D1F984B8B006918AC /* main.m */; };
		623524311F984B8B006918AC /* AppDelegate.m in Sources */ = {isa = PBXBuildFile; fileRef = 623524301F984B8B006918AC /* AppDelegate.m */; };
		623524341F984B8B006918AC /* ViewController.m in Sources */ = {isa = PBXBuildFile; fileRef = 623524331F984B8B006918AC /* ViewController.m */; };
		623524371F984B8B006918AC /* Main.storyboard in Resources */ = {isa = PBXBuildFile; fileRef = 623524351F984B8B006918AC /* Main.storyboard */; };
		6235243A1F984B8B006918AC /* TableViewMuteSelect_master.xcdatamodeld in Sources */ = {isa = PBXBuildFile; fileRef = 623524381F984B8B006918AC /* TableViewMuteSelect_master.xcdatamodeld */; };
		6235243C1F984B8B006918AC /* Assets.xcassets in Resources */ = {isa = PBXBuildFile; fileRef = 6235243B1F984B8B006918AC /* Assets.xcassets */; };
		6235243F1F984B8B006918AC /* LaunchScreen.storyboard in Resources */ = {isa = PBXBuildFile; fileRef = 6235243D1F984B8B006918AC /* LaunchScreen.storyboard */; };
		623524641F9877C1006918AC /* ViewDetailsViewController.m in Sources */ = {isa = PBXBuildFile; fileRef = 623524631F9877C1006918AC /* ViewDetailsViewController.m */; };
/* End PBXBuildFile section */

/* Begin PBXContainerItemProxy section */
		623524461F984B8C006918AC /* PBXContainerItemProxy */ = {
			isa = PBXContainerItemProxy;
			containerPortal = 623524211F984B8B006918AC /* Project object */;
			proxyType = 1;
			remoteGlobalIDString = 623524281F984B8B006918AC;
			remoteInfo = "TableViewMuteSelect-master";
		};
		623524511F984B8C006918AC /* PBXContainerItemProxy */ = {
			isa = PBXContainerItemProxy;
			containerPortal = 623524211F984B8B006918AC /* Project object */;
			proxyType = 1;
			remoteGlobalIDString = 623524281F984B8B006918AC;
			remoteInfo = "TableViewMuteSelect-master";
		};
/* End PBXContainerItemProxy section */

/* Begin PBXFileReference section */
		623524291F984B8B006918AC /* TableViewMuteSelect-master.app */ = {isa = PBXFileReference; explicitFileType = wrapper.application; includeInIndex = 0; path = "TableViewMuteSelect-master.app"; sourceTree = BUILT_PRODUCTS_DIR; };
		6235242D1F984B8B006918AC /* main.m */ = {isa = PBXFileReference; lastKnownFileType = sourcecode.c.objc; path = main.m; sourceTree = "<group>"; };
		6235242F1F984B8B006918AC /* AppDelegate.h */ = {isa = PBXFileReference; lastKnownFileType = sourcecode.c.h; path = AppDelegate.h; sourceTree = "<group>"; };
		623524301F984B8B006918AC /* AppDelegate.m */ = {isa = PBXFileReference; lastKnownFileType = sourcecode.c.objc; path = AppDelegate.m; sourceTree = "<group>"; };
		623524321F984B8B006918AC /* ViewController.h */ = {isa = PBXFileReference; lastKnownFileType = sourcecode.c.h; path = ViewController.h; sourceTree = "<group>"; };
		623524331F984B8B006918AC /* ViewController.m */ = {isa = PBXFileReference; lastKnownFileType = sourcecode.c.objc; path = ViewController.m; sourceTree = "<group>"; };
		623524361F984B8B006918AC /* Base */ = {isa = PBXFileReference; lastKnownFileType = file.storyboard; name = Base; path = Base.lproj/Main.storyboard; sourceTree = "<group>"; };
		623524391F984B8B006918AC /* TableViewMuteSelect_master.xcdatamodel */ = {isa = PBXFileReference; lastKnownFileType = wrapper.xcdatamodel; path = TableViewMuteSelect_master.xcdatamodel; sourceTree = "<group>"; };
		6235243B1F984B8B006918AC /* Assets.xcassets */ = {isa = PBXFileReference; lastKnownFileType = folder.assetcatalog; path = Assets.xcassets; sourceTree = "<group>"; };
		6235243E1F984B8B006918AC /* Base */ = {isa = PBXFileReference; lastKnownFileType = file.storyboard; name = Base; path = Base.lproj/LaunchScreen.storyboard; sourceTree = "<group>"; };
		623524401F984B8B006918AC /* Info.plist */ = {isa = PBXFileReference; lastKnownFileType = text.plist.xml; path = Info.plist; sourceTree = "<group>"; };
		623524451F984B8C006918AC /* TableViewMuteSelect-masterTests.xctest */ = {isa = PBXFileReference; explicitFileType = wrapper.cfbundle; includeInIndex = 0; path = "TableViewMuteSelect-masterTests.xctest"; sourceTree = BUILT_PRODUCTS_DIR; };
		623524501F984B8C006918AC /* TableViewMuteSelect-masterUITests.xctest */ = {isa = PBXFileReference; explicitFileType = wrapper.cfbundle; includeInIndex = 0; path = "TableViewMuteSelect-masterUITests.xctest"; sourceTree = BUILT_PRODUCTS_DIR; };
		623524621F9877C1006918AC /* ViewDetailsViewController.h */ = {isa = PBXFileReference; fileEncoding = 4; lastKnownFileType = sourcecode.c.h; path = ViewDetailsViewController.h; sourceTree = "<group>"; };
		623524631F9877C1006918AC /* ViewDetailsViewController.m */ = {isa = PBXFileReference; fileEncoding = 4; lastKnownFileType = sourcecode.c.objc; path = ViewDetailsViewController.m; sourceTree = "<group>"; };
/* End PBXFileReference section */

/* Begin PBXFrameworksBuildPhase section */
		623524261F984B8B006918AC /* Frameworks */ = {
			isa = PBXFrameworksBuildPhase;
			buildActionMask = 2147483647;
			files = (
			);
			runOnlyForDeploymentPostprocessing = 0;
		};
		623524421F984B8C006918AC /* Frameworks */ = {
			isa = PBXFrameworksBuildPhase;
			buildActionMask = 2147483647;
			files = (
			);
			runOnlyForDeploymentPostprocessing = 0;
		};
		6235244D1F984B8C006918AC /* Frameworks */ = {
			isa = PBXFrameworksBuildPhase;
			buildActionMask = 2147483647;
			files = (
			);
			runOnlyForDeploymentPostprocessing = 0;
		};
/* End PBXFrameworksBuildPhase section */

/* Begin PBXGroup section */
		623524201F984B8B006918AC = {
			isa = PBXGroup;
			children = (
				6235242B1F984B8B006918AC /* TableViewMuteSelect-master */,
				6235242A1F984B8B006918AC /* Products */,
			);
			sourceTree = "<group>";
		};
		6235242A1F984B8B006918AC /* Products */ = {
			isa = PBXGroup;
			children = (
				623524291F984B8B006918AC /* TableViewMuteSelect-master.app */,
				623524451F984B8C006918AC /* TableViewMuteSelect-masterTests.xctest */,
				623524501F984B8C006918AC /* TableViewMuteSelect-masterUITests.xctest */,
			);
			name = Products;
			sourceTree = "<group>";
		};
		6235242B1F984B8B006918AC /* TableViewMuteSelect-master */ = {
			isa = PBXGroup;
			children = (
				6235242F1F984B8B006918AC /* AppDelegate.h */,
				623524301F984B8B006918AC /* AppDelegate.m */,
				623524321F984B8B006918AC /* ViewController.h */,
				623524331F984B8B006918AC /* ViewController.m */,
				623524621F9877C1006918AC /* ViewDetailsViewController.h */,
				623524631F9877C1006918AC /* ViewDetailsViewController.m */,
				623524351F984B8B006918AC /* Main.storyboard */,
				6235243B1F984B8B006918AC /* Assets.xcassets */,
				6235243D1F984B8B006918AC /* LaunchScreen.storyboard */,
				623524401F984B8B006918AC /* Info.plist */,
				623524381F984B8B006918AC /* TableViewMuteSelect_master.xcdatamodeld */,
				6235242C1F984B8B006918AC /* Supporting Files */,
			);
			path = "TableViewMuteSelect-master";
			sourceTree = "<group>";
		};
		6235242C1F984B8B006918AC /* Supporting Files */ = {
			isa = PBXGroup;
			children = (
				6235242D1F984B8B006918AC /* main.m */,
			);
			name = "Supporting Files";
			sourceTree = "<group>";
		};
/* End PBXGroup section */

/* Begin PBXNativeTarget section */
		623524281F984B8B006918AC /* TableViewMuteSelect-master */ = {
			isa = PBXNativeTarget;
			buildConfigurationList = 623524591F984B8C006918AC /* Build configuration list for PBXNativeTarget "TableViewMuteSelect-master" */;
			buildPhases = (
				623524251F984B8B006918AC /* Sources */,
				623524261F984B8B006918AC /* Frameworks */,
				623524271F984B8B006918AC /* Resources */,
			);
			buildRules = (
			);
			dependencies = (
			);
			name = "TableViewMuteSelect-master";
			productName = "TableViewMuteSelect-master";
			productReference = 623524291F984B8B006918AC /* TableViewMuteSelect-master.app */;
			productType = "com.apple.product-type.application";
		};
		623524441F984B8C006918AC /* TableViewMuteSelect-masterTests */ = {
			isa = PBXNativeTarget;
			buildConfigurationList = 6235245C1F984B8C006918AC /* Build configuration list for PBXNativeTarget "TableViewMuteSelect-masterTests" */;
			buildPhases = (
				623524411F984B8C006918AC /* Sources */,
				623524421F984B8C006918AC /* Frameworks */,
				623524431F984B8C006918AC /* Resources */,
			);
			buildRules = (
			);
			dependencies = (
				623524471F984B8C006918AC /* PBXTargetDependency */,
			);
			name = "TableViewMuteSelect-masterTests";
			productName = "TableViewMuteSelect-masterTests";
			productReference = 623524451F984B8C006918AC /* TableViewMuteSelect-masterTests.xctest */;
			productType = "com.apple.product-type.bundle.unit-test";
		};
		6235244F1F984B8C006918AC /* TableViewMuteSelect-masterUITests */ = {
			isa = PBXNativeTarget;
			buildConfigurationList = 6235245F1F984B8C006918AC /* Build configuration list for PBXNativeTarget "TableViewMuteSelect-masterUITests" */;
			buildPhases = (
				6235244C1F984B8C006918AC /* Sources */,
				6235244D1F984B8C006918AC /* Frameworks */,
				6235244E1F984B8C006918AC /* Resources */,
			);
			buildRules = (
			);
			dependencies = (
				623524521F984B8C006918AC /* PBXTargetDependency */,
			);
			name = "TableViewMuteSelect-masterUITests";
			productName = "TableViewMuteSelect-masterUITests";
			productReference = 623524501F984B8C006918AC /* TableViewMuteSelect-masterUITests.xctest */;
			productType = "com.apple.product-type.bundle.ui-testing";
		};
/* End PBXNativeTarget section */

/* Begin PBXProject section */
		623524211F984B8B006918AC /* Project object */ = {
			isa = PBXProject;
			attributes = {
				LastUpgradeCheck = 0830;
				ORGANIZATIONNAME = iOSgo;
				TargetAttributes = {
					623524281F984B8B006918AC = {
						CreatedOnToolsVersion = 8.3.3;
						DevelopmentTeam = 6UW2M6V8TG;
						ProvisioningStyle = Automatic;
					};
					623524441F984B8C006918AC = {
						CreatedOnToolsVersion = 8.3.3;
						DevelopmentTeam = 6UW2M6V8TG;
						ProvisioningStyle = Automatic;
						TestTargetID = 623524281F984B8B006918AC;
					};
					6235244F1F984B8C006918AC = {
						CreatedOnToolsVersion = 8.3.3;
						DevelopmentTeam = 6UW2M6V8TG;
						ProvisioningStyle = Automatic;
						TestTargetID = 623524281F984B8B006918AC;
					};
				};
			};
			buildConfigurationList = 623524241F984B8B006918AC /* Build configuration list for PBXProject "TableViewMuteSelect-master" */;
			compatibilityVersion = "Xcode 3.2";
			developmentRegion = English;
			hasScannedForEncodings = 0;
			knownRegions = (
				en,
				Base,
			);
			mainGroup = 623524201F984B8B006918AC;
			productRefGroup = 6235242A1F984B8B006918AC /* Products */;
			projectDirPath = "";
			projectRoot = "";
			targets = (
				623524281F984B8B006918AC /* TableViewMuteSelect-master */,
				623524441F984B8C006918AC /* TableViewMuteSelect-masterTests */,
				6235244F1F984B8C006918AC /* TableViewMuteSelect-masterUITests */,
			);
		};
/* End PBXProject section */

/* Begin PBXResourcesBuildPhase section */
		623524271F984B8B006918AC /* Resources */ = {
			isa = PBXResourcesBuildPhase;
			buildActionMask = 2147483647;
			files = (
				6235243F1F984B8B006918AC /* LaunchScreen.storyboard in Resources */,
				6235243C1F984B8B006918AC /* Assets.xcassets in Resources */,
				623524371F984B8B006918AC /* Main.storyboard in Resources */,
			);
			runOnlyForDeploymentPostprocessing = 0;
		};
		623524431F984B8C006918AC /* Resources */ = {
			isa = PBXResourcesBuildPhase;
			buildActionMask = 2147483647;
			files = (
			);
			runOnlyForDeploymentPostprocessing = 0;
		};
		6235244E1F984B8C006918AC /* Resources */ = {
			isa = PBXResourcesBuildPhase;
			buildActionMask = 2147483647;
			files = (
			);
			runOnlyForDeploymentPostprocessing = 0;
		};
/* End PBXResourcesBuildPhase section */

/* Begin PBXSourcesBuildPhase section */
		623524251F984B8B006918AC /* Sources */ = {
			isa = PBXSourcesBuildPhase;
			buildActionMask = 2147483647;
			files = (
				623524641F9877C1006918AC /* ViewDetailsViewController.m in Sources */,
				6235243A1F984B8B006918AC /* TableViewMuteSelect_master.xcdatamodeld in Sources */,
				623524341F984B8B006918AC /* ViewController.m in Sources */,
				623524311F984B8B006918AC /* AppDelegate.m in Sources */,
				6235242E1F984B8B006918AC /* main.m in Sources */,
			);
			runOnlyForDeploymentPostprocessing = 0;
		};
		623524411F984B8C006918AC /* Sources */ = {
			isa = PBXSourcesBuildPhase;
			buildActionMask = 2147483647;
			files = (
			);
			runOnlyForDeploymentPostprocessing = 0;
		};
		6235244C1F984B8C006918AC /* Sources */ = {
			isa = PBXSourcesBuildPhase;
			buildActionMask = 2147483647;
			files = (
			);
			runOnlyForDeploymentPostprocessing = 0;
		};
/* End PBXSourcesBuildPhase section */

/* Begin PBXTargetDependency section */
		623524471F984B8C006918AC /* PBXTargetDependency */ = {
			isa = PBXTargetDependency;
			target = 623524281F984B8B006918AC /* TableViewMuteSelect-master */;
			targetProxy = 623524461F984B8C006918AC /* PBXContainerItemProxy */;
		};
		623524521F984B8C006918AC /* PBXTargetDependency */ = {
			isa = PBXTargetDependency;
			target = 623524281F984B8B006918AC /* TableViewMuteSelect-master */;
			targetProxy = 623524511F984B8C006918AC /* PBXContainerItemProxy */;
		};
/* End PBXTargetDependency section */

/* Begin PBXVariantGroup section */
		623524351F984B8B006918AC /* Main.storyboard */ = {
			isa = PBXVariantGroup;
			children = (
				623524361F984B8B006918AC /* Base */,
			);
			name = Main.storyboard;
			sourceTree = "<group>";
		};
		6235243D1F984B8B006918AC /* LaunchScreen.storyboard */ = {
			isa = PBXVariantGroup;
			children = (
				6235243E1F984B8B006918AC /* Base */,
			);
			name = LaunchScreen.storyboard;
			sourceTree = "<group>";
		};
/* End PBXVariantGroup section */

/* Begin XCBuildConfiguration section */
		623524571F984B8C006918AC /* Debug */ = {
			isa = XCBuildConfiguration;
			buildSettings = {
				ALWAYS_SEARCH_USER_PATHS = NO;
				CLANG_ANALYZER_NONNULL = YES;
				CLANG_ANALYZER_NUMBER_OBJECT_CONVERSION = YES_AGGRESSIVE;
				CLANG_CXX_LANGUAGE_STANDARD = "gnu++0x";
				CLANG_CXX_LIBRARY = "libc++";
				CLANG_ENABLE_MODULES = YES;
				CLANG_ENABLE_OBJC_ARC = YES;
				CLANG_WARN_BOOL_CONVERSION = YES;
				CLANG_WARN_CONSTANT_CONVERSION = YES;
				CLANG_WARN_DIRECT_OBJC_ISA_USAGE = YES_ERROR;
				CLANG_WARN_DOCUMENTATION_COMMENTS = YES;
				CLANG_WARN_EMPTY_BODY = YES;
				CLANG_WARN_ENUM_CONVERSION = YES;
				CLANG_WARN_INFINITE_RECURSION = YES;
				CLANG_WARN_INT_CONVERSION = YES;
				CLANG_WARN_OBJC_ROOT_CLASS = YES_ERROR;
				CLANG_WARN_SUSPICIOUS_MOVE = YES;
				CLANG_WARN_UNREACHABLE_CODE = YES;
				CLANG_WARN__DUPLICATE_METHOD_MATCH = YES;
				"CODE_SIGN_IDENTITY[sdk=iphoneos*]" = "iPhone Developer";
				COPY_PHASE_STRIP = NO;
				DEBUG_INFORMATION_FORMAT = dwarf;
				ENABLE_STRICT_OBJC_MSGSEND = YES;
				ENABLE_TESTABILITY = YES;
				GCC_C_LANGUAGE_STANDARD = gnu99;
				GCC_DYNAMIC_NO_PIC = NO;
				GCC_NO_COMMON_BLOCKS = YES;
				GCC_OPTIMIZATION_LEVEL = 0;
				GCC_PREPROCESSOR_DEFINITIONS = (
					"DEBUG=1",
					"$(inherited)",
				);
				GCC_WARN_64_TO_32_BIT_CONVERSION = YES;
				GCC_WARN_ABOUT_RETURN_TYPE = YES_ERROR;
				GCC_WARN_UNDECLARED_SELECTOR = YES;
				GCC_WARN_UNINITIALIZED_AUTOS = YES_AGGRESSIVE;
				GCC_WARN_UNUSED_FUNCTION = YES;
				GCC_WARN_UNUSED_VARIABLE = YES;
				IPHONEOS_DEPLOYMENT_TARGET = 10.3;
				MTL_ENABLE_DEBUG_INFO = YES;
				ONLY_ACTIVE_ARCH = YES;
				SDKROOT = iphoneos;
				TARGETED_DEVICE_FAMILY = "1,2";
			};
			name = Debug;
		};
		623524581F984B8C006918AC /* Release */ = {
			isa = XCBuildConfiguration;
			buildSettings = {
				ALWAYS_SEARCH_USER_PATHS = NO;
				CLANG_ANALYZER_NONNULL = YES;
				CLANG_ANALYZER_NUMBER_OBJECT_CONVERSION = YES_AGGRESSIVE;
				CLANG_CXX_LANGUAGE_STANDARD = "gnu++0x";
				CLANG_CXX_LIBRARY = "libc++";
				CLANG_ENABLE_MODULES = YES;
				CLANG_ENABLE_OBJC_ARC = YES;
				CLANG_WARN_BOOL_CONVERSION = YES;
				CLANG_WARN_CONSTANT_CONVERSION = YES;
				CLANG_WARN_DIRECT_OBJC_ISA_USAGE = YES_ERROR;
				CLANG_WARN_DOCUMENTATION_COMMENTS = YES;
				CLANG_WARN_EMPTY_BODY = YES;
				CLANG_WARN_ENUM_CONVERSION = YES;
				CLANG_WARN_INFINITE_RECURSION = YES;
				CLANG_WARN_INT_CONVERSION = YES;
				CLANG_WARN_OBJC_ROOT_CLASS = YES_ERROR;
				CLANG_WARN_SUSPICIOUS_MOVE = YES;
				CLANG_WARN_UNREACHABLE_CODE = YES;
				CLANG_WARN__DUPLICATE_METHOD_MATCH = YES;
				"CODE_SIGN_IDENTITY[sdk=iphoneos*]" = "iPhone Developer";
				COPY_PHASE_STRIP = NO;
				DEBUG_INFORMATION_FORMAT = "dwarf-with-dsym";
				ENABLE_NS_ASSERTIONS = NO;
				ENABLE_STRICT_OBJC_MSGSEND = YES;
				GCC_C_LANGUAGE_STANDARD = gnu99;
				GCC_NO_COMMON_BLOCKS = YES;
				GCC_WARN_64_TO_32_BIT_CONVERSION = YES;
				GCC_WARN_ABOUT_RETURN_TYPE = YES_ERROR;
				GCC_WARN_UNDECLARED_SELECTOR = YES;
				GCC_WARN_UNINITIALIZED_AUTOS = YES_AGGRESSIVE;
				GCC_WARN_UNUSED_FUNCTION = YES;
				GCC_WARN_UNUSED_VARIABLE = YES;
				IPHONEOS_DEPLOYMENT_TARGET = 10.3;
				MTL_ENABLE_DEBUG_INFO = NO;
				SDKROOT = iphoneos;
				TARGETED_DEVICE_FAMILY = "1,2";
				VALIDATE_PRODUCT = YES;
			};
			name = Release;
		};
		6235245A1F984B8C006918AC /* Debug */ = {
			isa = XCBuildConfiguration;
			buildSettings = {
				ASSETCATALOG_COMPILER_APPICON_NAME = AppIcon;
				DEVELOPMENT_TEAM = 6UW2M6V8TG;
				INFOPLIST_FILE = "TableViewMuteSelect-master/Info.plist";
				LD_RUNPATH_SEARCH_PATHS = "$(inherited) @executable_path/Frameworks";
				PRODUCT_BUNDLE_IDENTIFIER = "vh.TableViewMuteSelect-master";
				PRODUCT_NAME = "$(TARGET_NAME)";
			};
			name = Debug;
		};
		6235245B1F984B8C006918AC /* Release */ = {
			isa = XCBuildConfiguration;
			buildSettings = {
				ASSETCATALOG_COMPILER_APPICON_NAME = AppIcon;
				DEVELOPMENT_TEAM = 6UW2M6V8TG;
				INFOPLIST_FILE = "TableViewMuteSelect-master/Info.plist";
				LD_RUNPATH_SEARCH_PATHS = "$(inherited) @executable_path/Frameworks";
				PRODUCT_BUNDLE_IDENTIFIER = "vh.TableViewMuteSelect-master";
				PRODUCT_NAME = "$(TARGET_NAME)";
			};
			name = Release;
		};
		6235245D1F984B8C006918AC /* Debug */ = {
			isa = XCBuildConfiguration;
			buildSettings = {
				BUNDLE_LOADER = "$(TEST_HOST)";
				DEVELOPMENT_TEAM = 6UW2M6V8TG;
				INFOPLIST_FILE = "TableViewMuteSelect-masterTests/Info.plist";
				LD_RUNPATH_SEARCH_PATHS = "$(inherited) @executable_path/Frameworks @loader_path/Frameworks";
				PRODUCT_BUNDLE_IDENTIFIER = "vh.TableViewMuteSelect-masterTests";
				PRODUCT_NAME = "$(TARGET_NAME)";
				TEST_HOST = "$(BUILT_PRODUCTS_DIR)/TableViewMuteSelect-master.app/TableViewMuteSelect-master";
			};
			name = Debug;
		};
		6235245E1F984B8C006918AC /* Release */ = {
			isa = XCBuildConfiguration;
			buildSettings = {
				BUNDLE_LOADER = "$(TEST_HOST)";
				DEVELOPMENT_TEAM = 6UW2M6V8TG;
				INFOPLIST_FILE = "TableViewMuteSelect-masterTests/Info.plist";
				LD_RUNPATH_SEARCH_PATHS = "$(inherited) @executable_path/Frameworks @loader_path/Frameworks";
				PRODUCT_BUNDLE_IDENTIFIER = "vh.TableViewMuteSelect-masterTests";
				PRODUCT_NAME = "$(TARGET_NAME)";
				TEST_HOST = "$(BUILT_PRODUCTS_DIR)/TableViewMuteSelect-master.app/TableViewMuteSelect-master";
			};
			name = Release;
		};
		623524601F984B8C006918AC /* Debug */ = {
			isa = XCBuildConfiguration;
			buildSettings = {
				DEVELOPMENT_TEAM = 6UW2M6V8TG;
				INFOPLIST_FILE = "TableViewMuteSelect-masterUITests/Info.plist";
				LD_RUNPATH_SEARCH_PATHS = "$(inherited) @executable_path/Frameworks @loader_path/Frameworks";
				PRODUCT_BUNDLE_IDENTIFIER = "vh.TableViewMuteSelect-masterUITests";
				PRODUCT_NAME = "$(TARGET_NAME)";
				TEST_TARGET_NAME = "TableViewMuteSelect-master";
			};
			name = Debug;
		};
		623524611F984B8C006918AC /* Release */ = {
			isa = XCBuildConfiguration;
			buildSettings = {
				DEVELOPMENT_TEAM = 6UW2M6V8TG;
				INFOPLIST_FILE = "TableViewMuteSelect-masterUITests/Info.plist";
				LD_RUNPATH_SEARCH_PATHS = "$(inherited) @executable_path/Frameworks @loader_path/Frameworks";
				PRODUCT_BUNDLE_IDENTIFIER = "vh.TableViewMuteSelect-masterUITests";
				PRODUCT_NAME = "$(TARGET_NAME)";
				TEST_TARGET_NAME = "TableViewMuteSelect-master";
			};
			name = Release;
		};
/* End XCBuildConfiguration section */

/* Begin XCConfigurationList section */
		623524241F984B8B006918AC /* Build configuration list for PBXProject "TableViewMuteSelect-master" */ = {
			isa = XCConfigurationList;
			buildConfigurations = (
				623524571F984B8C006918AC /* Debug */,
				623524581F984B8C006918AC /* Release */,
			);
			defaultConfigurationIsVisible = 0;
			defaultConfigurationName = Release;
		};
		623524591F984B8C006918AC /* Build configuration list for PBXNativeTarget "TableViewMuteSelect-master" */ = {
			isa = XCConfigurationList;
			buildConfigurations = (
				6235245A1F984B8C006918AC /* Debug */,
				6235245B1F984B8C006918AC /* Release */,
			);
			defaultConfigurationIsVisible = 0;
		};
		6235245C1F984B8C006918AC /* Build configuration list for PBXNativeTarget "TableViewMuteSelect-masterTests" */ = {
			isa = XCConfigurationList;
			buildConfigurations = (
				6235245D1F984B8C006918AC /* Debug */,
				6235245E1F984B8C006918AC /* Release */,
			);
			defaultConfigurationIsVisible = 0;
		};
		6235245F1F984B8C006918AC /* Build configuration list for PBXNativeTarget "TableViewMuteSelect-masterUITests" */ = {
			isa = XCConfigurationList;
			buildConfigurations = (
				623524601F984B8C006918AC /* Debug */,
				623524611F984B8C006918AC /* Release */,
			);
			defaultConfigurationIsVisible = 0;
		};
/* End XCConfigurationList section */

/* Begin XCVersionGroup section */
		623524381F984B8B006918AC /* TableViewMuteSelect_master.xcdatamodeld */ = {
			isa = XCVersionGroup;
			children = (
				623524391F984B8B006918AC /* TableViewMuteSelect_master.xcdatamodel */,
			);
			currentVersion = 623524391F984B8B006918AC /* TableViewMuteSelect_master.xcdatamodel */;
			path = TableViewMuteSelect_master.xcdatamodeld;
			sourceTree = "<group>";
			versionGroupType = wrapper.xcdatamodel;
		};
/* End XCVersionGroup section */
	};
	rootObject = 623524211F984B8B006918AC /* Project object */;
}
